
Microsoft Visual Studio Solution File, Format Version 12.00
# Visual Studio Version 17
VisualStudioVersion = 17.1.32421.90
MinimumVisualStudioVersion = 10.0.40219.1
Project("{FAE04EC0-301F-11D3-BF4B-00C04F79EFBC}") = "SocialMedia.Api", "SocialMedia.Api\SocialMedia.Api.csproj", "{B18BBA19-2F31-452F-86AD-AC917CB0D595}"
EndProject
Project("{FAE04EC0-301F-11D3-BF4B-00C04F79EFBC}") = "SocialMedia.Core", "SocialMedia.Core\SocialMedia.Core.csproj", "{8123BB2C-F347-49EB-937C-74B6CEFBEC5B}"
EndProject
Project("{FAE04EC0-301F-11D3-BF4B-00C04F79EFBC}") = "SocialMedia.Infrastructure", "SocialMedia.Infrastructure\SocialMedia.Infrastructure.csproj", "{D689B38D-1AB9-44AA-B633-3586F189413E}"
EndProject
Global
	GlobalSection(SolutionConfigurationPlatforms) = preSolution
		Debug|Any CPU = Debug|Any CPU
		Release|Any CPU = Release|Any CPU
	EndGlobalSection
	GlobalSection(ProjectConfigurationPlatforms) = postSolution
		{B18BBA19-2F31-452F-86AD-AC917CB0D595}.Debug|Any CPU.ActiveCfg = Debug|Any CPU
		{B18BBA19-2F31-452F-86AD-AC917CB0D595}.Debug|Any CPU.Build.0 = Debug|Any CPU
		{B18BBA19-2F31-452F-86AD-AC917CB0D595}.Release|Any CPU.ActiveCfg = Release|Any CPU
		{B18BBA19-2F31-452F-86AD-AC917CB0D595}.Release|Any CPU.Build.0 = Release|Any CPU
		{8123BB2C-F347-49EB-937C-74B6CEFBEC5B}.Debug|Any CPU.ActiveCfg = Debug|Any CPU
		{8123BB2C-F347-49EB-937C-74B6CEFBEC5B}.Debug|Any CPU.Build.0 = Debug|Any CPU
		{8123BB2C-F347-49EB-937C-74B6CEFBEC5B}.Release|Any CPU.ActiveCfg = Release|Any CPU
		{8123BB2C-F347-49EB-937C-74B6CEFBEC5B}.Release|Any CPU.Build.0 = Release|Any CPU
		{D689B38D-1AB9-44AA-B633-3586F189413E}.Debug|Any CPU.ActiveCfg = Debug|Any CPU
		{D689B38D-1AB9-44AA-B633-3586F189413E}.Debug|Any CPU.Build.0 = Debug|Any CPU
		{D689B38D-1AB9-44AA-B633-3586F189413E}.Release|Any CPU.ActiveCfg = Release|Any CPU
		{D689B38D-1AB9-44AA-B633-3586F189413E}.Release|Any CPU.Build.0 = Release|Any CPU
	EndGlobalSection
	GlobalSection(SolutionProperties) = preSolution
		HideSolutionNode = FALSE
	EndGlobalSection
	GlobalSection(ExtensibilityGlobals) = postSolution
		SolutionGuid = {B3B55DA2-6AF3-44AD-A19F-49A1B1429A6D}
	EndGlobalSection
EndGlobal
